
Microsoft Visual Studio Solution File, Format Version 12.00
# Visual Studio 14
VisualStudioVersion = 14.0.25123.0
MinimumVisualStudioVersion = 10.0.40219.1
Project("{FAE04EC0-301F-11D3-BF4B-00C04F79EFBC}") = "TechnoVilla.Helper.Console", "TechnoVilla.Helper.Console\TechnoVilla.Helper.Console.csproj", "{4EC80A6B-3E11-4024-89BD-911C17575992}"
EndProject
Project("{FAE04EC0-301F-11D3-BF4B-00C04F79EFBC}") = "TechnoVilla.Helper.Library", "TechnoVilla.Helper.Library\TechnoVilla.Helper.Library.csproj", "{52BED635-7F93-4420-B8D6-69306CDA05A4}"
EndProject
Project("{FAE04EC0-301F-11D3-BF4B-00C04F79EFBC}") = "TechnoVilla.Helper.Library.Tests", "TechnoVilla.Helper.Library.Tests\TechnoVilla.Helper.Library.Tests.csproj", "{5C6767EA-487A-4482-A56D-359F144831AC}"
EndProject
Global
	GlobalSection(SolutionConfigurationPlatforms) = preSolution
		Debug|Any CPU = Debug|Any CPU
		Release|Any CPU = Release|Any CPU
	EndGlobalSection
	GlobalSection(ProjectConfigurationPlatforms) = postSolution
		{4EC80A6B-3E11-4024-89BD-911C17575992}.Debug|Any CPU.ActiveCfg = Debug|Any CPU
		{4EC80A6B-3E11-4024-89BD-911C17575992}.Debug|Any CPU.Build.0 = Debug|Any CPU
		{4EC80A6B-3E11-4024-89BD-911C17575992}.Release|Any CPU.ActiveCfg = Release|Any CPU
		{4EC80A6B-3E11-4024-89BD-911C17575992}.Release|Any CPU.Build.0 = Release|Any CPU
		{52BED635-7F93-4420-B8D6-69306CDA05A4}.Debug|Any CPU.ActiveCfg = Debug|Any CPU
		{52BED635-7F93-4420-B8D6-69306CDA05A4}.Debug|Any CPU.Build.0 = Debug|Any CPU
		{52BED635-7F93-4420-B8D6-69306CDA05A4}.Release|Any CPU.ActiveCfg = Release|Any CPU
		{52BED635-7F93-4420-B8D6-69306CDA05A4}.Release|Any CPU.Build.0 = Release|Any CPU
		{5C6767EA-487A-4482-A56D-359F144831AC}.Debug|Any CPU.ActiveCfg = Debug|Any CPU
		{5C6767EA-487A-4482-A56D-359F144831AC}.Debug|Any CPU.Build.0 = Debug|Any CPU
		{5C6767EA-487A-4482-A56D-359F144831AC}.Release|Any CPU.ActiveCfg = Release|Any CPU
		{5C6767EA-487A-4482-A56D-359F144831AC}.Release|Any CPU.Build.0 = Release|Any CPU
	EndGlobalSection
	GlobalSection(SolutionProperties) = preSolution
		HideSolutionNode = FALSE
	EndGlobalSection
EndGlobal
